
Microsoft Visual Studio Solution File, Format Version 12.00
# Visual Studio 15
VisualStudioVersion = 15.0.27004.2009
MinimumVisualStudioVersion = 10.0.40219.1
Project("{9A19103F-16F7-4668-BE54-9A1E7A4F7556}") = "ConsoleApp1", "ConsoleApp1\ConsoleApp1.csproj", "{FD386675-0C38-4E4A-B21F-1F3B9E1135BD}"
EndProject
Project("{FAE04EC0-301F-11D3-BF4B-00C04F79EFBC}") = "WindowsFormsApp1", "WindowsFormsApp1\WindowsFormsApp1.csproj", "{05DEEA14-C411-47AF-9E04-13CF606200A0}"
EndProject
Project("{FAE04EC0-301F-11D3-BF4B-00C04F79EFBC}") = "GoogleMapsApi", "..\google-maps\GoogleMapsApi\GoogleMapsApi.csproj", "{61E9FC82-47B0-43C3-8749-95D3A9967060}"
EndProject
Global
	GlobalSection(SolutionConfigurationPlatforms) = preSolution
		Debug|Any CPU = Debug|Any CPU
		Release|Any CPU = Release|Any CPU
	EndGlobalSection
	GlobalSection(ProjectConfigurationPlatforms) = postSolution
		{FD386675-0C38-4E4A-B21F-1F3B9E1135BD}.Debug|Any CPU.ActiveCfg = Debug|Any CPU
		{FD386675-0C38-4E4A-B21F-1F3B9E1135BD}.Debug|Any CPU.Build.0 = Debug|Any CPU
		{FD386675-0C38-4E4A-B21F-1F3B9E1135BD}.Release|Any CPU.ActiveCfg = Release|Any CPU
		{FD386675-0C38-4E4A-B21F-1F3B9E1135BD}.Release|Any CPU.Build.0 = Release|Any CPU
		{05DEEA14-C411-47AF-9E04-13CF606200A0}.Debug|Any CPU.ActiveCfg = Debug|Any CPU
		{05DEEA14-C411-47AF-9E04-13CF606200A0}.Debug|Any CPU.Build.0 = Debug|Any CPU
		{05DEEA14-C411-47AF-9E04-13CF606200A0}.Release|Any CPU.ActiveCfg = Release|Any CPU
		{05DEEA14-C411-47AF-9E04-13CF606200A0}.Release|Any CPU.Build.0 = Release|Any CPU
		{61E9FC82-47B0-43C3-8749-95D3A9967060}.Debug|Any CPU.ActiveCfg = Debug|Any CPU
		{61E9FC82-47B0-43C3-8749-95D3A9967060}.Debug|Any CPU.Build.0 = Debug|Any CPU
		{61E9FC82-47B0-43C3-8749-95D3A9967060}.Release|Any CPU.ActiveCfg = Release|Any CPU
		{61E9FC82-47B0-43C3-8749-95D3A9967060}.Release|Any CPU.Build.0 = Release|Any CPU
	EndGlobalSection
	GlobalSection(SolutionProperties) = preSolution
		HideSolutionNode = FALSE
	EndGlobalSection
	GlobalSection(ExtensibilityGlobals) = postSolution
		SolutionGuid = {C338EC8F-C53C-4C64-AAD9-7808754B4F9E}
	EndGlobalSection
EndGlobal
